{
    "version": 3,
    "terraform_version": "0.11.0",
    "serial": 24,
    "lineage": "75d5bd8a-4f05-49ad-bcc3-a38f61eb9f7b",
    "modules": [
        {
            "path": [
                "root"
            ],
            "outputs": {
                "client2_PrivateIP": {
                    "sensitive": false,
                    "type": "string",
                    "value": "10.100.5.2"
                },
                "client2_PublicIP": {
                    "sensitive": false,
                    "type": "string",
                    "value": "129.146.72.248"
                },
                "storsrv1_PrivateIP": {
                    "sensitive": false,
                    "type": "string",
                    "value": "10.100.9.4"
                },
                "storsrv1_PublicIP": {
                    "sensitive": false,
                    "type": "string",
                    "value": "129.146.70.19"
                },
                "storsrv2_PrivateIP": {
                    "sensitive": false,
                    "type": "string",
                    "value": "10.100.9.3"
                },
                "storsrv2_PublicIP": {
                    "sensitive": false,
                    "type": "string",
                    "value": "129.146.108.117"
                },
                "storsrv3_PrivateIP": {
                    "sensitive": false,
                    "type": "string",
                    "value": "10.100.9.2"
                },
                "storsrv3_PublicIP": {
                    "sensitive": false,
                    "type": "string",
                    "value": "129.146.111.0"
                }
            },
            "resources": {
                "data.oci_core_images.OLImageOCID": {
                    "type": "oci_core_images",
                    "depends_on": [],
                    "primary": {
                        "id": "2018-01-15 08:44:14.777605332 +0000 UTC",
                        "attributes": {
                            "compartment_id": "ocid1.compartment.oc1..aaaaaaaacxrgjddbgadkkuz2zvj3drzt7ancafrbwtnfkruadtpusa7gej7q",
                            "id": "2018-01-15 08:44:14.777605332 +0000 UTC",
                            "images.#": "3",
                            "images.0.base_image_id": "",
                            "images.0.compartment_id": "",
                            "images.0.create_image_allowed": "true",
                            "images.0.display_name": "CentOS-7-2018.01.04-0",
                            "images.0.id": "ocid1.image.oc1.phx.aaaaaaaajycoi24gyc4tajpwwxjo63yu76cnhtg5a5cfope4tpalnjnhbjqq",
                            "images.0.instance_id": "",
                            "images.0.operating_system": "CentOS",
                            "images.0.operating_system_version": "7",
                            "images.0.state": "AVAILABLE",
                            "images.0.time_created": "2018-01-04 20:54:48.126 +0000 UTC",
                            "images.1.base_image_id": "",
                            "images.1.compartment_id": "",
                            "images.1.create_image_allowed": "true",
                            "images.1.display_name": "CentOS-7-2017.10.19-0",
                            "images.1.id": "ocid1.image.oc1.phx.aaaaaaaayxj6n7yobwp4pv62x42laxqabioh2oe3pk4fjer2vd34ro4ycewa",
                            "images.1.instance_id": "",
                            "images.1.operating_system": "CentOS",
                            "images.1.operating_system_version": "7",
                            "images.1.state": "AVAILABLE",
                            "images.1.time_created": "2017-10-19 21:09:59.437 +0000 UTC",
                            "images.2.base_image_id": "",
                            "images.2.compartment_id": "",
                            "images.2.create_image_allowed": "true",
                            "images.2.display_name": "CentOS-7-2017.09.14-0",
                            "images.2.id": "ocid1.image.oc1.phx.aaaaaaaauqtvzhqplzuyesb5tctig6qrwoavpnfiwdkvuynu7z646z72ahcq",
                            "images.2.instance_id": "",
                            "images.2.operating_system": "CentOS",
                            "images.2.operating_system_version": "7",
                            "images.2.state": "AVAILABLE",
                            "images.2.time_created": "2017-09-04 18:25:59.713 +0000 UTC",
                            "operating_system": "CentOS",
                            "operating_system_version": "7"
                        },
                        "meta": {},
                        "tainted": false
                    },
                    "deposed": [],
                    "provider": "provider.oci"
                },
                "data.oci_core_vnic.InstanceVnic_client2": {
                    "type": "oci_core_vnic",
                    "depends_on": [
                        "data.oci_core_vnic_attachments.InstanceVnics_client2"
                    ],
                    "primary": {
                        "id": "ocid1.vnic.oc1.phx.abyhqljsgbwwujh4na6niypjzsfpzgjlifokclsdwhifa4sqpqp5qmz6ty4a",
                        "attributes": {
                            "availability_domain": "GxAT:PHX-AD-2",
                            "compartment_id": "ocid1.compartment.oc1..aaaaaaaacxrgjddbgadkkuz2zvj3drzt7ancafrbwtnfkruadtpusa7gej7q",
                            "display_name": "client2",
                            "hostname_label": "client2",
                            "id": "ocid1.vnic.oc1.phx.abyhqljsgbwwujh4na6niypjzsfpzgjlifokclsdwhifa4sqpqp5qmz6ty4a",
                            "is_primary": "true",
                            "mac_address": "00:00:17:01:98:9E",
                            "private_ip_address": "10.100.5.2",
                            "public_ip_address": "129.146.72.248",
                            "skip_source_dest_check": "false",
                            "state": "AVAILABLE",
                            "subnet_id": "ocid1.subnet.oc1.phx.aaaaaaaajnaw25ctshhmob7jt7gwje4vgaexgbqgu6dezd6qtbhdlanamopa",
                            "time_created": "2018-01-15 08:45:10.1 +0000 UTC",
                            "vnic_id": "ocid1.vnic.oc1.phx.abyhqljsgbwwujh4na6niypjzsfpzgjlifokclsdwhifa4sqpqp5qmz6ty4a"
                        },
                        "meta": {},
                        "tainted": false
                    },
                    "deposed": [],
                    "provider": "provider.oci"
                },
                "data.oci_core_vnic.InstanceVnic_storsrv1": {
                    "type": "oci_core_vnic",
                    "depends_on": [
                        "data.oci_core_vnic_attachments.InstanceVnics_storsrv1"
                    ],
                    "primary": {
                        "id": "ocid1.vnic.oc1.phx.abyhqljrg5pcyogozsi3srsuai65ymoikyklzwimxvfyebwy5wfkkxkcvvua",
                        "attributes": {
                            "availability_domain": "GxAT:PHX-AD-3",
                            "compartment_id": "ocid1.compartment.oc1..aaaaaaaacxrgjddbgadkkuz2zvj3drzt7ancafrbwtnfkruadtpusa7gej7q",
                            "display_name": "storsrv1",
                            "hostname_label": "storsrv1",
                            "id": "ocid1.vnic.oc1.phx.abyhqljrg5pcyogozsi3srsuai65ymoikyklzwimxvfyebwy5wfkkxkcvvua",
                            "is_primary": "true",
                            "mac_address": "00:00:17:00:14:89",
                            "private_ip_address": "10.100.9.4",
                            "public_ip_address": "129.146.70.19",
                            "skip_source_dest_check": "false",
                            "state": "AVAILABLE",
                            "subnet_id": "ocid1.subnet.oc1.phx.aaaaaaaa65ozt5cbfaelidk6r63fo5noj4ktpsgeelh7rhoe32pqbgzvhitq",
                            "time_created": "2018-01-15 08:45:12.685 +0000 UTC",
                            "vnic_id": "ocid1.vnic.oc1.phx.abyhqljrg5pcyogozsi3srsuai65ymoikyklzwimxvfyebwy5wfkkxkcvvua"
                        },
                        "meta": {},
                        "tainted": false
                    },
                    "deposed": [],
                    "provider": "provider.oci"
                },
                "data.oci_core_vnic.InstanceVnic_storsrv2": {
                    "type": "oci_core_vnic",
                    "depends_on": [
                        "data.oci_core_vnic_attachments.InstanceVnics_storsrv2"
                    ],
                    "primary": {
                        "id": "ocid1.vnic.oc1.phx.abyhqljronmcayhfb3c7mdaeduenazmg3fccatrkvynwkdp3at3funirkeqa",
                        "attributes": {
                            "availability_domain": "GxAT:PHX-AD-3",
                            "compartment_id": "ocid1.compartment.oc1..aaaaaaaacxrgjddbgadkkuz2zvj3drzt7ancafrbwtnfkruadtpusa7gej7q",
                            "display_name": "storsrv2",
                            "hostname_label": "storsrv2",
                            "id": "ocid1.vnic.oc1.phx.abyhqljronmcayhfb3c7mdaeduenazmg3fccatrkvynwkdp3at3funirkeqa",
                            "is_primary": "true",
                            "mac_address": "00:00:17:00:94:DC",
                            "private_ip_address": "10.100.9.3",
                            "public_ip_address": "129.146.108.117",
                            "skip_source_dest_check": "false",
                            "state": "AVAILABLE",
                            "subnet_id": "ocid1.subnet.oc1.phx.aaaaaaaa65ozt5cbfaelidk6r63fo5noj4ktpsgeelh7rhoe32pqbgzvhitq",
                            "time_created": "2018-01-15 08:45:11.856 +0000 UTC",
                            "vnic_id": "ocid1.vnic.oc1.phx.abyhqljronmcayhfb3c7mdaeduenazmg3fccatrkvynwkdp3at3funirkeqa"
                        },
                        "meta": {},
                        "tainted": false
                    },
                    "deposed": [],
                    "provider": "provider.oci"
                },
                "data.oci_core_vnic.InstanceVnic_storsrv3": {
                    "type": "oci_core_vnic",
                    "depends_on": [
                        "data.oci_core_vnic_attachments.InstanceVnics_storsrv3"
                    ],
                    "primary": {
                        "id": "ocid1.vnic.oc1.phx.abyhqljr5stusw3uv6i3xdjty7thrhqmzeyt56omlkkxotcilvg7mnotcjbq",
                        "attributes": {
                            "availability_domain": "GxAT:PHX-AD-3",
                            "compartment_id": "ocid1.compartment.oc1..aaaaaaaacxrgjddbgadkkuz2zvj3drzt7ancafrbwtnfkruadtpusa7gej7q",
                            "display_name": "storsrv3",
                            "hostname_label": "storsrv3",
                            "id": "ocid1.vnic.oc1.phx.abyhqljr5stusw3uv6i3xdjty7thrhqmzeyt56omlkkxotcilvg7mnotcjbq",
                            "is_primary": "true",
                            "mac_address": "00:00:17:00:88:13",
                            "private_ip_address": "10.100.9.2",
                            "public_ip_address": "129.146.111.0",
                            "skip_source_dest_check": "false",
                            "state": "AVAILABLE",
                            "subnet_id": "ocid1.subnet.oc1.phx.aaaaaaaa65ozt5cbfaelidk6r63fo5noj4ktpsgeelh7rhoe32pqbgzvhitq",
                            "time_created": "2018-01-15 08:45:11.156 +0000 UTC",
                            "vnic_id": "ocid1.vnic.oc1.phx.abyhqljr5stusw3uv6i3xdjty7thrhqmzeyt56omlkkxotcilvg7mnotcjbq"
                        },
                        "meta": {},
                        "tainted": false
                    },
                    "deposed": [],
                    "provider": "provider.oci"
                },
                "data.oci_core_vnic_attachments.InstanceVnics_client2": {
                    "type": "oci_core_vnic_attachments",
                    "depends_on": [
                        "data.oci_identity_availability_domains.ADs",
                        "oci_core_instance.client2"
                    ],
                    "primary": {
                        "id": "2018-01-15 08:45:54.228886384 +0000 UTC",
                        "attributes": {
                            "availability_domain": "GxAT:PHX-AD-2",
                            "compartment_id": "ocid1.compartment.oc1..aaaaaaaacxrgjddbgadkkuz2zvj3drzt7ancafrbwtnfkruadtpusa7gej7q",
                            "id": "2018-01-15 08:45:54.228886384 +0000 UTC",
                            "instance_id": "ocid1.instance.oc1.phx.abyhqljseilkrbvhpvgbsfvsfkt4hqtu3q2cyadpgnu6b4av2lrt7oryxo2q",
                            "vnic_attachments.#": "1",
                            "vnic_attachments.0.availability_domain": "GxAT:PHX-AD-2",
                            "vnic_attachments.0.compartment_id": "ocid1.compartment.oc1..aaaaaaaacxrgjddbgadkkuz2zvj3drzt7ancafrbwtnfkruadtpusa7gej7q",
                            "vnic_attachments.0.display_name": "",
                            "vnic_attachments.0.id": "ocid1.vnicattachment.oc1.phx.abyhqljspixu2ryr5olecr4tzoqeukl764xfqyk3kflevuaefj3znk4lf5vq",
                            "vnic_attachments.0.instance_id": "ocid1.instance.oc1.phx.abyhqljseilkrbvhpvgbsfvsfkt4hqtu3q2cyadpgnu6b4av2lrt7oryxo2q",
                            "vnic_attachments.0.state": "ATTACHED",
                            "vnic_attachments.0.subnet_id": "ocid1.subnet.oc1.phx.aaaaaaaajnaw25ctshhmob7jt7gwje4vgaexgbqgu6dezd6qtbhdlanamopa",
                            "vnic_attachments.0.time_created": "Mon, 15 Jan 2018 08:45:10 UTC",
                            "vnic_attachments.0.vnic_id": "ocid1.vnic.oc1.phx.abyhqljsgbwwujh4na6niypjzsfpzgjlifokclsdwhifa4sqpqp5qmz6ty4a"
                        },
                        "meta": {},
                        "tainted": false
                    },
                    "deposed": [],
                    "provider": "provider.oci"
                },
                "data.oci_core_vnic_attachments.InstanceVnics_storsrv1": {
                    "type": "oci_core_vnic_attachments",
                    "depends_on": [
                        "data.oci_identity_availability_domains.ADs",
                        "oci_core_instance.storsrv1"
                    ],
                    "primary": {
                        "id": "2018-01-15 08:45:46.849820157 +0000 UTC",
                        "attributes": {
                            "availability_domain": "GxAT:PHX-AD-3",
                            "compartment_id": "ocid1.compartment.oc1..aaaaaaaacxrgjddbgadkkuz2zvj3drzt7ancafrbwtnfkruadtpusa7gej7q",
                            "id": "2018-01-15 08:45:46.849820157 +0000 UTC",
                            "instance_id": "ocid1.instance.oc1.phx.abyhqljrxtb76azwgmpollo52xlcgwvkvfkhrx4togqt5emuaa3frtkbhj4q",
                            "vnic_attachments.#": "1",
                            "vnic_attachments.0.availability_domain": "GxAT:PHX-AD-3",
                            "vnic_attachments.0.compartment_id": "ocid1.compartment.oc1..aaaaaaaacxrgjddbgadkkuz2zvj3drzt7ancafrbwtnfkruadtpusa7gej7q",
                            "vnic_attachments.0.display_name": "",
                            "vnic_attachments.0.id": "ocid1.vnicattachment.oc1.phx.abyhqljrtpix3jb5fr6qi7w332g2ifppeo3dkimy37fzcbjpirvj74k3gfna",
                            "vnic_attachments.0.instance_id": "ocid1.instance.oc1.phx.abyhqljrxtb76azwgmpollo52xlcgwvkvfkhrx4togqt5emuaa3frtkbhj4q",
                            "vnic_attachments.0.state": "ATTACHED",
                            "vnic_attachments.0.subnet_id": "ocid1.subnet.oc1.phx.aaaaaaaa65ozt5cbfaelidk6r63fo5noj4ktpsgeelh7rhoe32pqbgzvhitq",
                            "vnic_attachments.0.time_created": "Mon, 15 Jan 2018 08:45:13 UTC",
                            "vnic_attachments.0.vnic_id": "ocid1.vnic.oc1.phx.abyhqljrg5pcyogozsi3srsuai65ymoikyklzwimxvfyebwy5wfkkxkcvvua"
                        },
                        "meta": {},
                        "tainted": false
                    },
                    "deposed": [],
                    "provider": "provider.oci"
                },
                "data.oci_core_vnic_attachments.InstanceVnics_storsrv2": {
                    "type": "oci_core_vnic_attachments",
                    "depends_on": [
                        "data.oci_identity_availability_domains.ADs",
                        "oci_core_instance.storsrv2"
                    ],
                    "primary": {
                        "id": "2018-01-15 08:45:45.716732688 +0000 UTC",
                        "attributes": {
                            "availability_domain": "GxAT:PHX-AD-3",
                            "compartment_id": "ocid1.compartment.oc1..aaaaaaaacxrgjddbgadkkuz2zvj3drzt7ancafrbwtnfkruadtpusa7gej7q",
                            "id": "2018-01-15 08:45:45.716732688 +0000 UTC",
                            "instance_id": "ocid1.instance.oc1.phx.abyhqljryy3s4zxmeioegllvj7bydsudwmwvey7pylhpbsbvgrhfkw47gygq",
                            "vnic_attachments.#": "1",
                            "vnic_attachments.0.availability_domain": "GxAT:PHX-AD-3",
                            "vnic_attachments.0.compartment_id": "ocid1.compartment.oc1..aaaaaaaacxrgjddbgadkkuz2zvj3drzt7ancafrbwtnfkruadtpusa7gej7q",
                            "vnic_attachments.0.display_name": "",
                            "vnic_attachments.0.id": "ocid1.vnicattachment.oc1.phx.abyhqljriipg6tk2gdqdmknlzoa226vqsezwto2cv2q7unlz7ipekzxnwixq",
                            "vnic_attachments.0.instance_id": "ocid1.instance.oc1.phx.abyhqljryy3s4zxmeioegllvj7bydsudwmwvey7pylhpbsbvgrhfkw47gygq",
                            "vnic_attachments.0.state": "ATTACHED",
                            "vnic_attachments.0.subnet_id": "ocid1.subnet.oc1.phx.aaaaaaaa65ozt5cbfaelidk6r63fo5noj4ktpsgeelh7rhoe32pqbgzvhitq",
                            "vnic_attachments.0.time_created": "Mon, 15 Jan 2018 08:45:12 UTC",
                            "vnic_attachments.0.vnic_id": "ocid1.vnic.oc1.phx.abyhqljronmcayhfb3c7mdaeduenazmg3fccatrkvynwkdp3at3funirkeqa"
                        },
                        "meta": {},
                        "tainted": false
                    },
                    "deposed": [],
                    "provider": "provider.oci"
                },
                "data.oci_core_vnic_attachments.InstanceVnics_storsrv3": {
                    "type": "oci_core_vnic_attachments",
                    "depends_on": [
                        "data.oci_identity_availability_domains.ADs",
                        "oci_core_instance.storsrv3"
                    ],
                    "primary": {
                        "id": "2018-01-15 08:45:45.584359118 +0000 UTC",
                        "attributes": {
                            "availability_domain": "GxAT:PHX-AD-3",
                            "compartment_id": "ocid1.compartment.oc1..aaaaaaaacxrgjddbgadkkuz2zvj3drzt7ancafrbwtnfkruadtpusa7gej7q",
                            "id": "2018-01-15 08:45:45.584359118 +0000 UTC",
                            "instance_id": "ocid1.instance.oc1.phx.abyhqljr3oqk2sfjlicbh334pdrfikd75qvafcq7le34qap4foqlbx33saqa",
                            "vnic_attachments.#": "1",
                            "vnic_attachments.0.availability_domain": "GxAT:PHX-AD-3",
                            "vnic_attachments.0.compartment_id": "ocid1.compartment.oc1..aaaaaaaacxrgjddbgadkkuz2zvj3drzt7ancafrbwtnfkruadtpusa7gej7q",
                            "vnic_attachments.0.display_name": "",
                            "vnic_attachments.0.id": "ocid1.vnicattachment.oc1.phx.abyhqljr2cc535ca3xcchvwt3fenkv3r45rj26mm6jb3rnux5jmpb7pqessq",
                            "vnic_attachments.0.instance_id": "ocid1.instance.oc1.phx.abyhqljr3oqk2sfjlicbh334pdrfikd75qvafcq7le34qap4foqlbx33saqa",
                            "vnic_attachments.0.state": "ATTACHED",
                            "vnic_attachments.0.subnet_id": "ocid1.subnet.oc1.phx.aaaaaaaa65ozt5cbfaelidk6r63fo5noj4ktpsgeelh7rhoe32pqbgzvhitq",
                            "vnic_attachments.0.time_created": "Mon, 15 Jan 2018 08:45:11 UTC",
                            "vnic_attachments.0.vnic_id": "ocid1.vnic.oc1.phx.abyhqljr5stusw3uv6i3xdjty7thrhqmzeyt56omlkkxotcilvg7mnotcjbq"
                        },
                        "meta": {},
                        "tainted": false
                    },
                    "deposed": [],
                    "provider": "provider.oci"
                },
                "data.oci_identity_availability_domains.ADs": {
                    "type": "oci_identity_availability_domains",
                    "depends_on": [],
                    "primary": {
                        "id": "2018-01-15 08:44:14.71780032 +0000 UTC",
                        "attributes": {
                            "availability_domains.#": "3",
                            "availability_domains.0.compartment_id": "ocid1.tenancy.oc1..aaaaaaaavoiuwqa6xpxpocrgny3jxh6r6rezzardnf73y54jsesorbsb2hja",
                            "availability_domains.0.name": "GxAT:PHX-AD-1",
                            "availability_domains.1.compartment_id": "ocid1.tenancy.oc1..aaaaaaaavoiuwqa6xpxpocrgny3jxh6r6rezzardnf73y54jsesorbsb2hja",
                            "availability_domains.1.name": "GxAT:PHX-AD-2",
                            "availability_domains.2.compartment_id": "ocid1.tenancy.oc1..aaaaaaaavoiuwqa6xpxpocrgny3jxh6r6rezzardnf73y54jsesorbsb2hja",
                            "availability_domains.2.name": "GxAT:PHX-AD-3",
                            "compartment_id": "ocid1.tenancy.oc1..aaaaaaaavoiuwqa6xpxpocrgny3jxh6r6rezzardnf73y54jsesorbsb2hja",
                            "id": "2018-01-15 08:44:14.71780032 +0000 UTC"
                        },
                        "meta": {},
                        "tainted": false
                    },
                    "deposed": [],
                    "provider": "provider.oci"
                },
                "null_resource.client02_Gluster": {
                    "type": "null_resource",
                    "depends_on": [
                        "data.oci_core_vnic.InstanceVnic_client2",
                        "null_resource.client02_sshdummy"
                    ],
                    "primary": {
                        "id": "5592190114432202251",
                        "attributes": {
                            "id": "5592190114432202251"
                        },
                        "meta": {},
                        "tainted": false
                    },
                    "deposed": [],
                    "provider": "provider.null"
                },
                "null_resource.client02_sshdummy": {
                    "type": "null_resource",
                    "depends_on": [
                        "data.oci_core_vnic.InstanceVnic_client2"
                    ],
                    "primary": {
                        "id": "1278058674152618467",
                        "attributes": {
                            "id": "1278058674152618467"
                        },
                        "meta": {},
                        "tainted": false
                    },
                    "deposed": [],
                    "provider": "provider.null"
                },
                "null_resource.storsrv01_Gluster": {
                    "type": "null_resource",
                    "depends_on": [
                        "data.oci_core_vnic.InstanceVnic_storsrv1",
                        "null_resource.storsrv01_sshdummy"
                    ],
                    "primary": {
                        "id": "399513384336473444",
                        "attributes": {
                            "id": "399513384336473444"
                        },
                        "meta": {},
                        "tainted": false
                    },
                    "deposed": [],
                    "provider": "provider.null"
                },
                "null_resource.storsrv01_Gluster_INIT": {
                    "type": "null_resource",
                    "depends_on": [
                        "data.oci_core_vnic.InstanceVnic_storsrv1",
                        "null_resource.storsrv01_Gluster_RUN",
                        "null_resource.storsrv02_Gluster_RUN",
                        "null_resource.storsrv03_Gluster_RUN"
                    ],
                    "primary": {
                        "id": "3655837142382135278",
                        "attributes": {
                            "id": "3655837142382135278"
                        },
                        "meta": {},
                        "tainted": false
                    },
                    "deposed": [],
                    "provider": "provider.null"
                },
                "null_resource.storsrv01_Gluster_RUN": {
                    "type": "null_resource",
                    "depends_on": [
                        "data.oci_core_vnic.InstanceVnic_storsrv1",
                        "null_resource.storsrv01_Gluster"
                    ],
                    "primary": {
                        "id": "7760349324023167945",
                        "attributes": {
                            "id": "7760349324023167945"
                        },
                        "meta": {},
                        "tainted": false
                    },
                    "deposed": [],
                    "provider": "provider.null"
                },
                "null_resource.storsrv01_sshdummy": {
                    "type": "null_resource",
                    "depends_on": [
                        "data.oci_core_vnic.InstanceVnic_storsrv1"
                    ],
                    "primary": {
                        "id": "4260968776477468354",
                        "attributes": {
                            "id": "4260968776477468354"
                        },
                        "meta": {},
                        "tainted": false
                    },
                    "deposed": [],
                    "provider": "provider.null"
                },
                "null_resource.storsrv02_Gluster": {
                    "type": "null_resource",
                    "depends_on": [
                        "data.oci_core_vnic.InstanceVnic_storsrv2",
                        "null_resource.storsrv02_sshdummy"
                    ],
                    "primary": {
                        "id": "8192955978865429713",
                        "attributes": {
                            "id": "8192955978865429713"
                        },
                        "meta": {},
                        "tainted": false
                    },
                    "deposed": [],
                    "provider": "provider.null"
                },
                "null_resource.storsrv02_Gluster_RUN": {
                    "type": "null_resource",
                    "depends_on": [
                        "data.oci_core_vnic.InstanceVnic_storsrv2",
                        "null_resource.storsrv02_Gluster"
                    ],
                    "primary": {
                        "id": "3490606987858409061",
                        "attributes": {
                            "id": "3490606987858409061"
                        },
                        "meta": {},
                        "tainted": false
                    },
                    "deposed": [],
                    "provider": "provider.null"
                },
                "null_resource.storsrv02_sshdummy": {
                    "type": "null_resource",
                    "depends_on": [
                        "data.oci_core_vnic.InstanceVnic_storsrv2"
                    ],
                    "primary": {
                        "id": "7556052184740647017",
                        "attributes": {
                            "id": "7556052184740647017"
                        },
                        "meta": {},
                        "tainted": false
                    },
                    "deposed": [],
                    "provider": "provider.null"
                },
                "null_resource.storsrv03_Gluster": {
                    "type": "null_resource",
                    "depends_on": [
                        "data.oci_core_vnic.InstanceVnic_storsrv3",
                        "null_resource.storsrv03_sshdummy"
                    ],
                    "primary": {
                        "id": "2380397424916678766",
                        "attributes": {
                            "id": "2380397424916678766"
                        },
                        "meta": {},
                        "tainted": false
                    },
                    "deposed": [],
                    "provider": "provider.null"
                },
                "null_resource.storsrv03_Gluster_RUN": {
                    "type": "null_resource",
                    "depends_on": [
                        "data.oci_core_vnic.InstanceVnic_storsrv3",
                        "null_resource.storsrv03_Gluster"
                    ],
                    "primary": {
                        "id": "4268168947459560871",
                        "attributes": {
                            "id": "4268168947459560871"
                        },
                        "meta": {},
                        "tainted": false
                    },
                    "deposed": [],
                    "provider": "provider.null"
                },
                "null_resource.storsrv03_sshdummy": {
                    "type": "null_resource",
                    "depends_on": [
                        "data.oci_core_vnic.InstanceVnic_storsrv3"
                    ],
                    "primary": {
                        "id": "5678624443983281423",
                        "attributes": {
                            "id": "5678624443983281423"
                        },
                        "meta": {},
                        "tainted": false
                    },
                    "deposed": [],
                    "provider": "provider.null"
                },
                "oci_core_dhcp_options.DHCPoptions": {
                    "type": "oci_core_dhcp_options",
                    "depends_on": [
                        "oci_core_virtual_network.VCN_GlusterDemo"
                    ],
                    "primary": {
                        "id": "ocid1.dhcpoptions.oc1.phx.aaaaaaaa2qhndvdaz5taq6bjvegptjnftwi3odv6lziearoy27wpezab6hua",
                        "attributes": {
                            "compartment_id": "ocid1.compartment.oc1..aaaaaaaacxrgjddbgadkkuz2zvj3drzt7ancafrbwtnfkruadtpusa7gej7q",
                            "display_name": "DHCPoptions",
                            "id": "ocid1.dhcpoptions.oc1.phx.aaaaaaaa2qhndvdaz5taq6bjvegptjnftwi3odv6lziearoy27wpezab6hua",
                            "options.#": "2",
                            "options.0.custom_dns_servers.#": "0",
                            "options.0.search_domain_names.#": "0",
                            "options.0.server_type": "VcnLocalPlusInternet",
                            "options.0.type": "DomainNameServer",
                            "options.1.custom_dns_servers.#": "0",
                            "options.1.search_domain_names.#": "1",
                            "options.1.search_domain_names.0": "glusterdemo.oraclevcn.com",
                            "options.1.server_type": "",
                            "options.1.type": "SearchDomain",
                            "state": "AVAILABLE",
                            "time_created": "2018-01-15 08:44:24.152 +0000 UTC",
                            "vcn_id": "ocid1.vcn.oc1.phx.aaaaaaaajmchrzfffiwtdhwmsfef3yqx7zsj4rhlscxow2koz5xfqk7fd4za"
                        },
                        "meta": {
                            "e2bfb730-ecaa-11e6-8f88-34363bc7c4c0": {
                                "create": 300000000000,
                                "delete": 300000000000,
                                "update": 300000000000
                            }
                        },
                        "tainted": false
                    },
                    "deposed": [],
                    "provider": "provider.oci"
                },
                "oci_core_instance.client2": {
                    "type": "oci_core_instance",
                    "depends_on": [
                        "data.oci_core_images.OLImageOCID",
                        "data.oci_identity_availability_domains.ADs",
                        "oci_core_subnet.WEBSubNet_AD2"
                    ],
                    "primary": {
                        "id": "ocid1.instance.oc1.phx.abyhqljseilkrbvhpvgbsfvsfkt4hqtu3q2cyadpgnu6b4av2lrt7oryxo2q",
                        "attributes": {
                            "availability_domain": "GxAT:PHX-AD-2",
                            "compartment_id": "ocid1.compartment.oc1..aaaaaaaacxrgjddbgadkkuz2zvj3drzt7ancafrbwtnfkruadtpusa7gej7q",
                            "create_vnic_details.#": "1",
                            "create_vnic_details.0.assign_public_ip": "true",
                            "create_vnic_details.0.display_name": "client2",
                            "create_vnic_details.0.hostname_label": "client2",
                            "create_vnic_details.0.private_ip": "10.100.5.2",
                            "create_vnic_details.0.skip_source_dest_check": "false",
                            "create_vnic_details.0.subnet_id": "ocid1.subnet.oc1.phx.aaaaaaaajnaw25ctshhmob7jt7gwje4vgaexgbqgu6dezd6qtbhdlanamopa",
                            "display_name": "client2",
                            "hostname_label": "client2",
                            "id": "ocid1.instance.oc1.phx.abyhqljseilkrbvhpvgbsfvsfkt4hqtu3q2cyadpgnu6b4av2lrt7oryxo2q",
                            "image": "ocid1.image.oc1.phx.aaaaaaaajycoi24gyc4tajpwwxjo63yu76cnhtg5a5cfope4tpalnjnhbjqq",
                            "ipxe_script": "",
                            "metadata.%": "1",
                            "metadata.ssh_authorized_keys": "ssh-rsa AAAAB3NzaC1yc2EAAAABIwAAAQEA230kX/rfUD/fMT3rBFgwhEwIdpB1AbrGIBoeyD8kKsYAtjyGTDhS24KZZCIkUMhg2C6xuo4uQXUm7tBc55lNK/tuFCRDVHIUepRne9WGPDCysrtkBCceusN8wQOnL+k//MW0rJsTSvybuoxlTZTSLYjw+JOA1FR+EXtHG6+FZMlvH0d+BBh3WWDNedwL6GFHNCLQGifykGOqbRuNxwdRRzU0COSZkKGk8xK31NYpD2KWDWF8G4U5a+WhDkEhWDDKZjED09dzpiuIwha0hpWVPXM8DpU81fMijI95Aski/OhVchK5usdsI9MSDxyeQl93fVaIZGDlNkCzy6hnKWRggQ== tf1@terraform",
                            "private_ip": "10.100.5.2",
                            "public_ip": "129.146.72.248",
                            "region": "phx",
                            "shape": "VM.DenseIO1.4",
                            "state": "RUNNING",
                            "subnet_id": "ocid1.subnet.oc1.phx.aaaaaaaajnaw25ctshhmob7jt7gwje4vgaexgbqgu6dezd6qtbhdlanamopa",
                            "time_created": "2018-01-15 08:45:08.846 +0000 UTC"
                        },
                        "meta": {
                            "e2bfb730-ecaa-11e6-8f88-34363bc7c4c0": {
                                "create": 600000000000,
                                "delete": 7200000000000,
                                "update": 7200000000000
                            }
                        },
                        "tainted": false
                    },
                    "deposed": [],
                    "provider": "provider.oci"
                },
                "oci_core_instance.storsrv1": {
                    "type": "oci_core_instance",
                    "depends_on": [
                        "data.oci_core_images.OLImageOCID",
                        "data.oci_identity_availability_domains.ADs",
                        "oci_core_subnet.STORSubNet_AD3"
                    ],
                    "primary": {
                        "id": "ocid1.instance.oc1.phx.abyhqljrxtb76azwgmpollo52xlcgwvkvfkhrx4togqt5emuaa3frtkbhj4q",
                        "attributes": {
                            "availability_domain": "GxAT:PHX-AD-3",
                            "compartment_id": "ocid1.compartment.oc1..aaaaaaaacxrgjddbgadkkuz2zvj3drzt7ancafrbwtnfkruadtpusa7gej7q",
                            "create_vnic_details.#": "1",
                            "create_vnic_details.0.assign_public_ip": "true",
                            "create_vnic_details.0.display_name": "storsrv1",
                            "create_vnic_details.0.hostname_label": "storsrv1",
                            "create_vnic_details.0.private_ip": "10.100.9.4",
                            "create_vnic_details.0.skip_source_dest_check": "false",
                            "create_vnic_details.0.subnet_id": "ocid1.subnet.oc1.phx.aaaaaaaa65ozt5cbfaelidk6r63fo5noj4ktpsgeelh7rhoe32pqbgzvhitq",
                            "display_name": "storsrv1",
                            "hostname_label": "storsrv1",
                            "id": "ocid1.instance.oc1.phx.abyhqljrxtb76azwgmpollo52xlcgwvkvfkhrx4togqt5emuaa3frtkbhj4q",
                            "image": "ocid1.image.oc1.phx.aaaaaaaajycoi24gyc4tajpwwxjo63yu76cnhtg5a5cfope4tpalnjnhbjqq",
                            "ipxe_script": "",
                            "metadata.%": "1",
                            "metadata.ssh_authorized_keys": "ssh-rsa AAAAB3NzaC1yc2EAAAABIwAAAQEA230kX/rfUD/fMT3rBFgwhEwIdpB1AbrGIBoeyD8kKsYAtjyGTDhS24KZZCIkUMhg2C6xuo4uQXUm7tBc55lNK/tuFCRDVHIUepRne9WGPDCysrtkBCceusN8wQOnL+k//MW0rJsTSvybuoxlTZTSLYjw+JOA1FR+EXtHG6+FZMlvH0d+BBh3WWDNedwL6GFHNCLQGifykGOqbRuNxwdRRzU0COSZkKGk8xK31NYpD2KWDWF8G4U5a+WhDkEhWDDKZjED09dzpiuIwha0hpWVPXM8DpU81fMijI95Aski/OhVchK5usdsI9MSDxyeQl93fVaIZGDlNkCzy6hnKWRggQ== tf1@terraform",
                            "private_ip": "10.100.9.4",
                            "public_ip": "129.146.70.19",
                            "region": "phx",
                            "shape": "VM.Standard1.4",
                            "state": "RUNNING",
                            "subnet_id": "ocid1.subnet.oc1.phx.aaaaaaaa65ozt5cbfaelidk6r63fo5noj4ktpsgeelh7rhoe32pqbgzvhitq",
                            "time_created": "2018-01-15 08:45:10.658 +0000 UTC"
                        },
                        "meta": {
                            "e2bfb730-ecaa-11e6-8f88-34363bc7c4c0": {
                                "create": 600000000000,
                                "delete": 7200000000000,
                                "update": 7200000000000
                            }
                        },
                        "tainted": false
                    },
                    "deposed": [],
                    "provider": "provider.oci"
                },
                "oci_core_instance.storsrv2": {
                    "type": "oci_core_instance",
                    "depends_on": [
                        "data.oci_core_images.OLImageOCID",
                        "data.oci_identity_availability_domains.ADs",
                        "oci_core_subnet.STORSubNet_AD3"
                    ],
                    "primary": {
                        "id": "ocid1.instance.oc1.phx.abyhqljryy3s4zxmeioegllvj7bydsudwmwvey7pylhpbsbvgrhfkw47gygq",
                        "attributes": {
                            "availability_domain": "GxAT:PHX-AD-3",
                            "compartment_id": "ocid1.compartment.oc1..aaaaaaaacxrgjddbgadkkuz2zvj3drzt7ancafrbwtnfkruadtpusa7gej7q",
                            "create_vnic_details.#": "1",
                            "create_vnic_details.0.assign_public_ip": "true",
                            "create_vnic_details.0.display_name": "storsrv2",
                            "create_vnic_details.0.hostname_label": "storsrv2",
                            "create_vnic_details.0.private_ip": "10.100.9.3",
                            "create_vnic_details.0.skip_source_dest_check": "false",
                            "create_vnic_details.0.subnet_id": "ocid1.subnet.oc1.phx.aaaaaaaa65ozt5cbfaelidk6r63fo5noj4ktpsgeelh7rhoe32pqbgzvhitq",
                            "display_name": "storsrv2",
                            "hostname_label": "storsrv2",
                            "id": "ocid1.instance.oc1.phx.abyhqljryy3s4zxmeioegllvj7bydsudwmwvey7pylhpbsbvgrhfkw47gygq",
                            "image": "ocid1.image.oc1.phx.aaaaaaaajycoi24gyc4tajpwwxjo63yu76cnhtg5a5cfope4tpalnjnhbjqq",
                            "ipxe_script": "",
                            "metadata.%": "1",
                            "metadata.ssh_authorized_keys": "ssh-rsa AAAAB3NzaC1yc2EAAAABIwAAAQEA230kX/rfUD/fMT3rBFgwhEwIdpB1AbrGIBoeyD8kKsYAtjyGTDhS24KZZCIkUMhg2C6xuo4uQXUm7tBc55lNK/tuFCRDVHIUepRne9WGPDCysrtkBCceusN8wQOnL+k//MW0rJsTSvybuoxlTZTSLYjw+JOA1FR+EXtHG6+FZMlvH0d+BBh3WWDNedwL6GFHNCLQGifykGOqbRuNxwdRRzU0COSZkKGk8xK31NYpD2KWDWF8G4U5a+WhDkEhWDDKZjED09dzpiuIwha0hpWVPXM8DpU81fMijI95Aski/OhVchK5usdsI9MSDxyeQl93fVaIZGDlNkCzy6hnKWRggQ== tf1@terraform",
                            "private_ip": "10.100.9.3",
                            "public_ip": "129.146.108.117",
                            "region": "phx",
                            "shape": "VM.Standard1.4",
                            "state": "RUNNING",
                            "subnet_id": "ocid1.subnet.oc1.phx.aaaaaaaa65ozt5cbfaelidk6r63fo5noj4ktpsgeelh7rhoe32pqbgzvhitq",
                            "time_created": "2018-01-15 08:45:10.091 +0000 UTC"
                        },
                        "meta": {
                            "e2bfb730-ecaa-11e6-8f88-34363bc7c4c0": {
                                "create": 600000000000,
                                "delete": 7200000000000,
                                "update": 7200000000000
                            }
                        },
                        "tainted": false
                    },
                    "deposed": [],
                    "provider": "provider.oci"
                },
                "oci_core_instance.storsrv3": {
                    "type": "oci_core_instance",
                    "depends_on": [
                        "data.oci_core_images.OLImageOCID",
                        "data.oci_identity_availability_domains.ADs",
                        "oci_core_subnet.STORSubNet_AD3"
                    ],
                    "primary": {
                        "id": "ocid1.instance.oc1.phx.abyhqljr3oqk2sfjlicbh334pdrfikd75qvafcq7le34qap4foqlbx33saqa",
                        "attributes": {
                            "availability_domain": "GxAT:PHX-AD-3",
                            "compartment_id": "ocid1.compartment.oc1..aaaaaaaacxrgjddbgadkkuz2zvj3drzt7ancafrbwtnfkruadtpusa7gej7q",
                            "create_vnic_details.#": "1",
                            "create_vnic_details.0.assign_public_ip": "true",
                            "create_vnic_details.0.display_name": "storsrv3",
                            "create_vnic_details.0.hostname_label": "storsrv3",
                            "create_vnic_details.0.private_ip": "10.100.9.2",
                            "create_vnic_details.0.skip_source_dest_check": "false",
                            "create_vnic_details.0.subnet_id": "ocid1.subnet.oc1.phx.aaaaaaaa65ozt5cbfaelidk6r63fo5noj4ktpsgeelh7rhoe32pqbgzvhitq",
                            "display_name": "storsrv3",
                            "hostname_label": "storsrv3",
                            "id": "ocid1.instance.oc1.phx.abyhqljr3oqk2sfjlicbh334pdrfikd75qvafcq7le34qap4foqlbx33saqa",
                            "image": "ocid1.image.oc1.phx.aaaaaaaajycoi24gyc4tajpwwxjo63yu76cnhtg5a5cfope4tpalnjnhbjqq",
                            "ipxe_script": "",
                            "metadata.%": "1",
                            "metadata.ssh_authorized_keys": "ssh-rsa AAAAB3NzaC1yc2EAAAABIwAAAQEA230kX/rfUD/fMT3rBFgwhEwIdpB1AbrGIBoeyD8kKsYAtjyGTDhS24KZZCIkUMhg2C6xuo4uQXUm7tBc55lNK/tuFCRDVHIUepRne9WGPDCysrtkBCceusN8wQOnL+k//MW0rJsTSvybuoxlTZTSLYjw+JOA1FR+EXtHG6+FZMlvH0d+BBh3WWDNedwL6GFHNCLQGifykGOqbRuNxwdRRzU0COSZkKGk8xK31NYpD2KWDWF8G4U5a+WhDkEhWDDKZjED09dzpiuIwha0hpWVPXM8DpU81fMijI95Aski/OhVchK5usdsI9MSDxyeQl93fVaIZGDlNkCzy6hnKWRggQ== tf1@terraform",
                            "private_ip": "10.100.9.2",
                            "public_ip": "129.146.111.0",
                            "region": "phx",
                            "shape": "VM.Standard1.4",
                            "state": "RUNNING",
                            "subnet_id": "ocid1.subnet.oc1.phx.aaaaaaaa65ozt5cbfaelidk6r63fo5noj4ktpsgeelh7rhoe32pqbgzvhitq",
                            "time_created": "2018-01-15 08:45:09.208 +0000 UTC"
                        },
                        "meta": {
                            "e2bfb730-ecaa-11e6-8f88-34363bc7c4c0": {
                                "create": 600000000000,
                                "delete": 7200000000000,
                                "update": 7200000000000
                            }
                        },
                        "tainted": false
                    },
                    "deposed": [],
                    "provider": "provider.oci"
                },
                "oci_core_internet_gateway.IGW_GlusterDemo": {
                    "type": "oci_core_internet_gateway",
                    "depends_on": [
                        "oci_core_virtual_network.VCN_GlusterDemo"
                    ],
                    "primary": {
                        "id": "ocid1.internetgateway.oc1.phx.aaaaaaaaeczxuyixodfxcoc24vwxc33df2ymowdlmq2jewkuy7g7onvy4rwa",
                        "attributes": {
                            "compartment_id": "ocid1.compartment.oc1..aaaaaaaacxrgjddbgadkkuz2zvj3drzt7ancafrbwtnfkruadtpusa7gej7q",
                            "display_name": "IGW_GlusterDemo",
                            "enabled": "true",
                            "id": "ocid1.internetgateway.oc1.phx.aaaaaaaaeczxuyixodfxcoc24vwxc33df2ymowdlmq2jewkuy7g7onvy4rwa",
                            "state": "AVAILABLE",
                            "time_created": "2018-01-15 08:44:23.193 +0000 UTC",
                            "time_modified": "0001-01-01 00:00:00 +0000 UTC",
                            "vcn_id": "ocid1.vcn.oc1.phx.aaaaaaaajmchrzfffiwtdhwmsfef3yqx7zsj4rhlscxow2koz5xfqk7fd4za"
                        },
                        "meta": {
                            "e2bfb730-ecaa-11e6-8f88-34363bc7c4c0": {
                                "create": 300000000000,
                                "delete": 300000000000,
                                "update": 300000000000
                            }
                        },
                        "tainted": false
                    },
                    "deposed": [],
                    "provider": "provider.oci"
                },
                "oci_core_route_table.RouteTable_GlusterDemo": {
                    "type": "oci_core_route_table",
                    "depends_on": [
                        "oci_core_internet_gateway.IGW_GlusterDemo",
                        "oci_core_virtual_network.VCN_GlusterDemo"
                    ],
                    "primary": {
                        "id": "ocid1.routetable.oc1.phx.aaaaaaaaxap2jcoukrwlrearqljfuv2xsxz25xkgylfvhhbwpowxemxed2hq",
                        "attributes": {
                            "compartment_id": "ocid1.compartment.oc1..aaaaaaaacxrgjddbgadkkuz2zvj3drzt7ancafrbwtnfkruadtpusa7gej7q",
                            "display_name": "RouteTable_GlusterDemo",
                            "id": "ocid1.routetable.oc1.phx.aaaaaaaaxap2jcoukrwlrearqljfuv2xsxz25xkgylfvhhbwpowxemxed2hq",
                            "route_rules.#": "1",
                            "route_rules.0.cidr_block": "0.0.0.0/0",
                            "route_rules.0.network_entity_id": "ocid1.internetgateway.oc1.phx.aaaaaaaaeczxuyixodfxcoc24vwxc33df2ymowdlmq2jewkuy7g7onvy4rwa",
                            "state": "AVAILABLE",
                            "time_created": "2018-01-15 08:44:24.528 +0000 UTC",
                            "time_modified": "0001-01-01 00:00:00 +0000 UTC",
                            "vcn_id": "ocid1.vcn.oc1.phx.aaaaaaaajmchrzfffiwtdhwmsfef3yqx7zsj4rhlscxow2koz5xfqk7fd4za"
                        },
                        "meta": {
                            "e2bfb730-ecaa-11e6-8f88-34363bc7c4c0": {
                                "create": 300000000000,
                                "delete": 300000000000,
                                "update": 300000000000
                            }
                        },
                        "tainted": false
                    },
                    "deposed": [],
                    "provider": "provider.oci"
                },
                "oci_core_security_list.SecL_LBSubNets": {
                    "type": "oci_core_security_list",
                    "depends_on": [
                        "oci_core_virtual_network.VCN_GlusterDemo"
                    ],
                    "primary": {
                        "id": "ocid1.securitylist.oc1.phx.aaaaaaaafifjf4ymztd3m6w4cjq6yc5bl7ymyq45novw5bgozqkxouokg6aa",
                        "attributes": {
                            "compartment_id": "ocid1.compartment.oc1..aaaaaaaacxrgjddbgadkkuz2zvj3drzt7ancafrbwtnfkruadtpusa7gej7q",
                            "display_name": "SecL_LBSubNets",
                            "egress_security_rules.#": "1",
                            "egress_security_rules.0.destination": "0.0.0.0/0",
                            "egress_security_rules.0.icmp_options.#": "0",
                            "egress_security_rules.0.protocol": "6",
                            "egress_security_rules.0.stateless": "false",
                            "egress_security_rules.0.tcp_options.#": "0",
                            "egress_security_rules.0.udp_options.#": "0",
                            "id": "ocid1.securitylist.oc1.phx.aaaaaaaafifjf4ymztd3m6w4cjq6yc5bl7ymyq45novw5bgozqkxouokg6aa",
                            "ingress_security_rules.#": "4",
                            "ingress_security_rules.0.icmp_options.#": "0",
                            "ingress_security_rules.0.protocol": "6",
                            "ingress_security_rules.0.source": "0.0.0.0/0",
                            "ingress_security_rules.0.stateless": "false",
                            "ingress_security_rules.0.tcp_options.#": "1",
                            "ingress_security_rules.0.tcp_options.0.max": "22",
                            "ingress_security_rules.0.tcp_options.0.min": "22",
                            "ingress_security_rules.0.udp_options.#": "0",
                            "ingress_security_rules.1.icmp_options.#": "0",
                            "ingress_security_rules.1.protocol": "6",
                            "ingress_security_rules.1.source": "0.0.0.0/0",
                            "ingress_security_rules.1.stateless": "false",
                            "ingress_security_rules.1.tcp_options.#": "1",
                            "ingress_security_rules.1.tcp_options.0.max": "80",
                            "ingress_security_rules.1.tcp_options.0.min": "80",
                            "ingress_security_rules.1.udp_options.#": "0",
                            "ingress_security_rules.2.icmp_options.#": "0",
                            "ingress_security_rules.2.protocol": "6",
                            "ingress_security_rules.2.source": "0.0.0.0/0",
                            "ingress_security_rules.2.stateless": "false",
                            "ingress_security_rules.2.tcp_options.#": "1",
                            "ingress_security_rules.2.tcp_options.0.max": "443",
                            "ingress_security_rules.2.tcp_options.0.min": "443",
                            "ingress_security_rules.2.udp_options.#": "0",
                            "ingress_security_rules.3.icmp_options.#": "1",
                            "ingress_security_rules.3.icmp_options.0.code": "4",
                            "ingress_security_rules.3.icmp_options.0.type": "3",
                            "ingress_security_rules.3.protocol": "1",
                            "ingress_security_rules.3.source": "0.0.0.0/0",
                            "ingress_security_rules.3.stateless": "true",
                            "ingress_security_rules.3.tcp_options.#": "0",
                            "ingress_security_rules.3.udp_options.#": "0",
                            "state": "AVAILABLE",
                            "time_created": "2018-01-15 08:44:23.413 +0000 UTC",
                            "vcn_id": "ocid1.vcn.oc1.phx.aaaaaaaajmchrzfffiwtdhwmsfef3yqx7zsj4rhlscxow2koz5xfqk7fd4za"
                        },
                        "meta": {
                            "e2bfb730-ecaa-11e6-8f88-34363bc7c4c0": {
                                "create": 300000000000,
                                "delete": 300000000000,
                                "update": 300000000000
                            }
                        },
                        "tainted": false
                    },
                    "deposed": [],
                    "provider": "provider.oci"
                },
                "oci_core_security_list.SecL_STORSubNets": {
                    "type": "oci_core_security_list",
                    "depends_on": [
                        "oci_core_virtual_network.VCN_GlusterDemo"
                    ],
                    "primary": {
                        "id": "ocid1.securitylist.oc1.phx.aaaaaaaatckrt5sncyotxdteay6edsw5jj2iaqk5sxkj3teugqbptzwi7tja",
                        "attributes": {
                            "compartment_id": "ocid1.compartment.oc1..aaaaaaaacxrgjddbgadkkuz2zvj3drzt7ancafrbwtnfkruadtpusa7gej7q",
                            "display_name": "SecL_STORSubNets",
                            "egress_security_rules.#": "1",
                            "egress_security_rules.0.destination": "0.0.0.0/0",
                            "egress_security_rules.0.icmp_options.#": "0",
                            "egress_security_rules.0.protocol": "6",
                            "egress_security_rules.0.stateless": "false",
                            "egress_security_rules.0.tcp_options.#": "0",
                            "egress_security_rules.0.udp_options.#": "0",
                            "id": "ocid1.securitylist.oc1.phx.aaaaaaaatckrt5sncyotxdteay6edsw5jj2iaqk5sxkj3teugqbptzwi7tja",
                            "ingress_security_rules.#": "4",
                            "ingress_security_rules.0.icmp_options.#": "0",
                            "ingress_security_rules.0.protocol": "6",
                            "ingress_security_rules.0.source": "0.0.0.0/0",
                            "ingress_security_rules.0.stateless": "false",
                            "ingress_security_rules.0.tcp_options.#": "1",
                            "ingress_security_rules.0.tcp_options.0.max": "22",
                            "ingress_security_rules.0.tcp_options.0.min": "22",
                            "ingress_security_rules.0.udp_options.#": "0",
                            "ingress_security_rules.1.icmp_options.#": "0",
                            "ingress_security_rules.1.protocol": "6",
                            "ingress_security_rules.1.source": "0.0.0.0/0",
                            "ingress_security_rules.1.stateless": "false",
                            "ingress_security_rules.1.tcp_options.#": "1",
                            "ingress_security_rules.1.tcp_options.0.max": "24020",
                            "ingress_security_rules.1.tcp_options.0.min": "24007",
                            "ingress_security_rules.1.udp_options.#": "0",
                            "ingress_security_rules.2.icmp_options.#": "0",
                            "ingress_security_rules.2.protocol": "6",
                            "ingress_security_rules.2.source": "0.0.0.0/0",
                            "ingress_security_rules.2.stateless": "false",
                            "ingress_security_rules.2.tcp_options.#": "1",
                            "ingress_security_rules.2.tcp_options.0.max": "49251",
                            "ingress_security_rules.2.tcp_options.0.min": "49152",
                            "ingress_security_rules.2.udp_options.#": "0",
                            "ingress_security_rules.3.icmp_options.#": "1",
                            "ingress_security_rules.3.icmp_options.0.code": "4",
                            "ingress_security_rules.3.icmp_options.0.type": "3",
                            "ingress_security_rules.3.protocol": "1",
                            "ingress_security_rules.3.source": "0.0.0.0/0",
                            "ingress_security_rules.3.stateless": "true",
                            "ingress_security_rules.3.tcp_options.#": "0",
                            "ingress_security_rules.3.udp_options.#": "0",
                            "state": "AVAILABLE",
                            "time_created": "2018-01-15 08:44:23.358 +0000 UTC",
                            "vcn_id": "ocid1.vcn.oc1.phx.aaaaaaaajmchrzfffiwtdhwmsfef3yqx7zsj4rhlscxow2koz5xfqk7fd4za"
                        },
                        "meta": {
                            "e2bfb730-ecaa-11e6-8f88-34363bc7c4c0": {
                                "create": 300000000000,
                                "delete": 300000000000,
                                "update": 300000000000
                            }
                        },
                        "tainted": false
                    },
                    "deposed": [],
                    "provider": "provider.oci"
                },
                "oci_core_security_list.SecL_WEBSubNets": {
                    "type": "oci_core_security_list",
                    "depends_on": [
                        "oci_core_virtual_network.VCN_GlusterDemo"
                    ],
                    "primary": {
                        "id": "ocid1.securitylist.oc1.phx.aaaaaaaaoojlwjzkgt2qc6wruvx22eaoq6mykox74pcrirgukapeofdbvcqq",
                        "attributes": {
                            "compartment_id": "ocid1.compartment.oc1..aaaaaaaacxrgjddbgadkkuz2zvj3drzt7ancafrbwtnfkruadtpusa7gej7q",
                            "display_name": "SecL_WEBSubNets",
                            "egress_security_rules.#": "1",
                            "egress_security_rules.0.destination": "0.0.0.0/0",
                            "egress_security_rules.0.icmp_options.#": "0",
                            "egress_security_rules.0.protocol": "6",
                            "egress_security_rules.0.stateless": "false",
                            "egress_security_rules.0.tcp_options.#": "0",
                            "egress_security_rules.0.udp_options.#": "0",
                            "id": "ocid1.securitylist.oc1.phx.aaaaaaaaoojlwjzkgt2qc6wruvx22eaoq6mykox74pcrirgukapeofdbvcqq",
                            "ingress_security_rules.#": "15",
                            "ingress_security_rules.0.icmp_options.#": "0",
                            "ingress_security_rules.0.protocol": "17",
                            "ingress_security_rules.0.source": "0.0.0.0/0",
                            "ingress_security_rules.0.stateless": "true",
                            "ingress_security_rules.0.tcp_options.#": "0",
                            "ingress_security_rules.0.udp_options.#": "1",
                            "ingress_security_rules.0.udp_options.0.max": "111",
                            "ingress_security_rules.0.udp_options.0.min": "111",
                            "ingress_security_rules.1.icmp_options.#": "0",
                            "ingress_security_rules.1.protocol": "17",
                            "ingress_security_rules.1.source": "0.0.0.0/0",
                            "ingress_security_rules.1.stateless": "true",
                            "ingress_security_rules.1.tcp_options.#": "0",
                            "ingress_security_rules.1.udp_options.#": "1",
                            "ingress_security_rules.1.udp_options.0.max": "963",
                            "ingress_security_rules.1.udp_options.0.min": "963",
                            "ingress_security_rules.10.icmp_options.#": "0",
                            "ingress_security_rules.10.protocol": "6",
                            "ingress_security_rules.10.source": "0.0.0.0/0",
                            "ingress_security_rules.10.stateless": "false",
                            "ingress_security_rules.10.tcp_options.#": "1",
                            "ingress_security_rules.10.tcp_options.0.max": "965",
                            "ingress_security_rules.10.tcp_options.0.min": "965",
                            "ingress_security_rules.10.udp_options.#": "0",
                            "ingress_security_rules.11.icmp_options.#": "0",
                            "ingress_security_rules.11.protocol": "6",
                            "ingress_security_rules.11.source": "0.0.0.0/0",
                            "ingress_security_rules.11.stateless": "false",
                            "ingress_security_rules.11.tcp_options.#": "1",
                            "ingress_security_rules.11.tcp_options.0.max": "2049",
                            "ingress_security_rules.11.tcp_options.0.min": "2049",
                            "ingress_security_rules.11.udp_options.#": "0",
                            "ingress_security_rules.12.icmp_options.#": "0",
                            "ingress_security_rules.12.protocol": "6",
                            "ingress_security_rules.12.source": "0.0.0.0/0",
                            "ingress_security_rules.12.stateless": "false",
                            "ingress_security_rules.12.tcp_options.#": "1",
                            "ingress_security_rules.12.tcp_options.0.max": "38469",
                            "ingress_security_rules.12.tcp_options.0.min": "38465",
                            "ingress_security_rules.12.udp_options.#": "0",
                            "ingress_security_rules.13.icmp_options.#": "0",
                            "ingress_security_rules.13.protocol": "6",
                            "ingress_security_rules.13.source": "0.0.0.0/0",
                            "ingress_security_rules.13.stateless": "false",
                            "ingress_security_rules.13.tcp_options.#": "1",
                            "ingress_security_rules.13.tcp_options.0.max": "49251",
                            "ingress_security_rules.13.tcp_options.0.min": "49152",
                            "ingress_security_rules.13.udp_options.#": "0",
                            "ingress_security_rules.14.icmp_options.#": "1",
                            "ingress_security_rules.14.icmp_options.0.code": "4",
                            "ingress_security_rules.14.icmp_options.0.type": "3",
                            "ingress_security_rules.14.protocol": "1",
                            "ingress_security_rules.14.source": "0.0.0.0/0",
                            "ingress_security_rules.14.stateless": "true",
                            "ingress_security_rules.14.tcp_options.#": "0",
                            "ingress_security_rules.14.udp_options.#": "0",
                            "ingress_security_rules.2.icmp_options.#": "0",
                            "ingress_security_rules.2.protocol": "6",
                            "ingress_security_rules.2.source": "0.0.0.0/0",
                            "ingress_security_rules.2.stateless": "false",
                            "ingress_security_rules.2.tcp_options.#": "1",
                            "ingress_security_rules.2.tcp_options.0.max": "22",
                            "ingress_security_rules.2.tcp_options.0.min": "22",
                            "ingress_security_rules.2.udp_options.#": "0",
                            "ingress_security_rules.3.icmp_options.#": "0",
                            "ingress_security_rules.3.protocol": "6",
                            "ingress_security_rules.3.source": "0.0.0.0/0",
                            "ingress_security_rules.3.stateless": "false",
                            "ingress_security_rules.3.tcp_options.#": "1",
                            "ingress_security_rules.3.tcp_options.0.max": "80",
                            "ingress_security_rules.3.tcp_options.0.min": "80",
                            "ingress_security_rules.3.udp_options.#": "0",
                            "ingress_security_rules.4.icmp_options.#": "0",
                            "ingress_security_rules.4.protocol": "6",
                            "ingress_security_rules.4.source": "0.0.0.0/0",
                            "ingress_security_rules.4.stateless": "false",
                            "ingress_security_rules.4.tcp_options.#": "1",
                            "ingress_security_rules.4.tcp_options.0.max": "443",
                            "ingress_security_rules.4.tcp_options.0.min": "443",
                            "ingress_security_rules.4.udp_options.#": "0",
                            "ingress_security_rules.5.icmp_options.#": "0",
                            "ingress_security_rules.5.protocol": "6",
                            "ingress_security_rules.5.source": "0.0.0.0/0",
                            "ingress_security_rules.5.stateless": "false",
                            "ingress_security_rules.5.tcp_options.#": "1",
                            "ingress_security_rules.5.tcp_options.0.max": "2015",
                            "ingress_security_rules.5.tcp_options.0.min": "2015",
                            "ingress_security_rules.5.udp_options.#": "0",
                            "ingress_security_rules.6.icmp_options.#": "0",
                            "ingress_security_rules.6.protocol": "6",
                            "ingress_security_rules.6.source": "0.0.0.0/0",
                            "ingress_security_rules.6.stateless": "false",
                            "ingress_security_rules.6.tcp_options.#": "1",
                            "ingress_security_rules.6.tcp_options.0.max": "111",
                            "ingress_security_rules.6.tcp_options.0.min": "111",
                            "ingress_security_rules.6.udp_options.#": "0",
                            "ingress_security_rules.7.icmp_options.#": "0",
                            "ingress_security_rules.7.protocol": "6",
                            "ingress_security_rules.7.source": "0.0.0.0/0",
                            "ingress_security_rules.7.stateless": "false",
                            "ingress_security_rules.7.tcp_options.#": "1",
                            "ingress_security_rules.7.tcp_options.0.max": "139",
                            "ingress_security_rules.7.tcp_options.0.min": "139",
                            "ingress_security_rules.7.udp_options.#": "0",
                            "ingress_security_rules.8.icmp_options.#": "0",
                            "ingress_security_rules.8.protocol": "6",
                            "ingress_security_rules.8.source": "0.0.0.0/0",
                            "ingress_security_rules.8.stateless": "false",
                            "ingress_security_rules.8.tcp_options.#": "1",
                            "ingress_security_rules.8.tcp_options.0.max": "445",
                            "ingress_security_rules.8.tcp_options.0.min": "445",
                            "ingress_security_rules.8.udp_options.#": "0",
                            "ingress_security_rules.9.icmp_options.#": "0",
                            "ingress_security_rules.9.protocol": "6",
                            "ingress_security_rules.9.source": "0.0.0.0/0",
                            "ingress_security_rules.9.stateless": "false",
                            "ingress_security_rules.9.tcp_options.#": "1",
                            "ingress_security_rules.9.tcp_options.0.max": "631",
                            "ingress_security_rules.9.tcp_options.0.min": "631",
                            "ingress_security_rules.9.udp_options.#": "0",
                            "state": "AVAILABLE",
                            "time_created": "2018-01-15 08:44:23.826 +0000 UTC",
                            "vcn_id": "ocid1.vcn.oc1.phx.aaaaaaaajmchrzfffiwtdhwmsfef3yqx7zsj4rhlscxow2koz5xfqk7fd4za"
                        },
                        "meta": {
                            "e2bfb730-ecaa-11e6-8f88-34363bc7c4c0": {
                                "create": 300000000000,
                                "delete": 300000000000,
                                "update": 300000000000
                            }
                        },
                        "tainted": false
                    },
                    "deposed": [],
                    "provider": "provider.oci"
                },
                "oci_core_subnet.STORSubNet_AD1": {
                    "type": "oci_core_subnet",
                    "depends_on": [
                        "data.oci_identity_availability_domains.ADs",
                        "oci_core_dhcp_options.DHCPoptions",
                        "oci_core_route_table.RouteTable_GlusterDemo",
                        "oci_core_security_list.SecL_STORSubNets",
                        "oci_core_virtual_network.VCN_GlusterDemo"
                    ],
                    "primary": {
                        "id": "ocid1.subnet.oc1.phx.aaaaaaaaauj6voefl2o6knnhw2iywym5obynmak7pamxft2iywtp2rtzsouq",
                        "attributes": {
                            "availability_domain": "GxAT:PHX-AD-1",
                            "cidr_block": "10.100.7.0/24",
                            "compartment_id": "ocid1.compartment.oc1..aaaaaaaacxrgjddbgadkkuz2zvj3drzt7ancafrbwtnfkruadtpusa7gej7q",
                            "dhcp_options_id": "ocid1.dhcpoptions.oc1.phx.aaaaaaaa2qhndvdaz5taq6bjvegptjnftwi3odv6lziearoy27wpezab6hua",
                            "display_name": "STORSubNet_AD1",
                            "dns_label": "storsubnet1",
                            "id": "ocid1.subnet.oc1.phx.aaaaaaaaauj6voefl2o6knnhw2iywym5obynmak7pamxft2iywtp2rtzsouq",
                            "prohibit_public_ip_on_vnic": "false",
                            "route_table_id": "ocid1.routetable.oc1.phx.aaaaaaaaxap2jcoukrwlrearqljfuv2xsxz25xkgylfvhhbwpowxemxed2hq",
                            "security_list_ids.#": "1",
                            "security_list_ids.1200621706": "ocid1.securitylist.oc1.phx.aaaaaaaatckrt5sncyotxdteay6edsw5jj2iaqk5sxkj3teugqbptzwi7tja",
                            "state": "AVAILABLE",
                            "time_created": "2018-01-15 08:44:41.354 +0000 UTC",
                            "vcn_id": "ocid1.vcn.oc1.phx.aaaaaaaajmchrzfffiwtdhwmsfef3yqx7zsj4rhlscxow2koz5xfqk7fd4za",
                            "virtual_router_ip": "10.100.7.1",
                            "virtual_router_mac": "00:00:17:8B:5F:FA"
                        },
                        "meta": {
                            "e2bfb730-ecaa-11e6-8f88-34363bc7c4c0": {
                                "create": 300000000000,
                                "delete": 300000000000,
                                "update": 300000000000
                            }
                        },
                        "tainted": false
                    },
                    "deposed": [],
                    "provider": "provider.oci"
                },
                "oci_core_subnet.STORSubNet_AD2": {
                    "type": "oci_core_subnet",
                    "depends_on": [
                        "data.oci_identity_availability_domains.ADs",
                        "oci_core_dhcp_options.DHCPoptions",
                        "oci_core_route_table.RouteTable_GlusterDemo",
                        "oci_core_security_list.SecL_STORSubNets",
                        "oci_core_virtual_network.VCN_GlusterDemo"
                    ],
                    "primary": {
                        "id": "ocid1.subnet.oc1.phx.aaaaaaaauxphrs7j2yabvpza7u4wt2tbwjim3mc2vjb5ozu2ro24nuefbroq",
                        "attributes": {
                            "availability_domain": "GxAT:PHX-AD-2",
                            "cidr_block": "10.100.8.0/24",
                            "compartment_id": "ocid1.compartment.oc1..aaaaaaaacxrgjddbgadkkuz2zvj3drzt7ancafrbwtnfkruadtpusa7gej7q",
                            "dhcp_options_id": "ocid1.dhcpoptions.oc1.phx.aaaaaaaa2qhndvdaz5taq6bjvegptjnftwi3odv6lziearoy27wpezab6hua",
                            "display_name": "STORSubNet_AD2",
                            "dns_label": "storsubnet2",
                            "id": "ocid1.subnet.oc1.phx.aaaaaaaauxphrs7j2yabvpza7u4wt2tbwjim3mc2vjb5ozu2ro24nuefbroq",
                            "prohibit_public_ip_on_vnic": "false",
                            "route_table_id": "ocid1.routetable.oc1.phx.aaaaaaaaxap2jcoukrwlrearqljfuv2xsxz25xkgylfvhhbwpowxemxed2hq",
                            "security_list_ids.#": "1",
                            "security_list_ids.1200621706": "ocid1.securitylist.oc1.phx.aaaaaaaatckrt5sncyotxdteay6edsw5jj2iaqk5sxkj3teugqbptzwi7tja",
                            "state": "AVAILABLE",
                            "time_created": "2018-01-15 08:44:42.409 +0000 UTC",
                            "vcn_id": "ocid1.vcn.oc1.phx.aaaaaaaajmchrzfffiwtdhwmsfef3yqx7zsj4rhlscxow2koz5xfqk7fd4za",
                            "virtual_router_ip": "10.100.8.1",
                            "virtual_router_mac": "00:00:17:8B:5F:FA"
                        },
                        "meta": {
                            "e2bfb730-ecaa-11e6-8f88-34363bc7c4c0": {
                                "create": 300000000000,
                                "delete": 300000000000,
                                "update": 300000000000
                            }
                        },
                        "tainted": false
                    },
                    "deposed": [],
                    "provider": "provider.oci"
                },
                "oci_core_subnet.STORSubNet_AD3": {
                    "type": "oci_core_subnet",
                    "depends_on": [
                        "data.oci_identity_availability_domains.ADs",
                        "oci_core_dhcp_options.DHCPoptions",
                        "oci_core_route_table.RouteTable_GlusterDemo",
                        "oci_core_security_list.SecL_STORSubNets",
                        "oci_core_virtual_network.VCN_GlusterDemo"
                    ],
                    "primary": {
                        "id": "ocid1.subnet.oc1.phx.aaaaaaaa65ozt5cbfaelidk6r63fo5noj4ktpsgeelh7rhoe32pqbgzvhitq",
                        "attributes": {
                            "availability_domain": "GxAT:PHX-AD-3",
                            "cidr_block": "10.100.9.0/24",
                            "compartment_id": "ocid1.compartment.oc1..aaaaaaaacxrgjddbgadkkuz2zvj3drzt7ancafrbwtnfkruadtpusa7gej7q",
                            "dhcp_options_id": "ocid1.dhcpoptions.oc1.phx.aaaaaaaa2qhndvdaz5taq6bjvegptjnftwi3odv6lziearoy27wpezab6hua",
                            "display_name": "STORSubNet_AD3",
                            "dns_label": "storsubnet3",
                            "id": "ocid1.subnet.oc1.phx.aaaaaaaa65ozt5cbfaelidk6r63fo5noj4ktpsgeelh7rhoe32pqbgzvhitq",
                            "prohibit_public_ip_on_vnic": "false",
                            "route_table_id": "ocid1.routetable.oc1.phx.aaaaaaaaxap2jcoukrwlrearqljfuv2xsxz25xkgylfvhhbwpowxemxed2hq",
                            "security_list_ids.#": "1",
                            "security_list_ids.1200621706": "ocid1.securitylist.oc1.phx.aaaaaaaatckrt5sncyotxdteay6edsw5jj2iaqk5sxkj3teugqbptzwi7tja",
                            "state": "AVAILABLE",
                            "time_created": "2018-01-15 08:44:40.998 +0000 UTC",
                            "vcn_id": "ocid1.vcn.oc1.phx.aaaaaaaajmchrzfffiwtdhwmsfef3yqx7zsj4rhlscxow2koz5xfqk7fd4za",
                            "virtual_router_ip": "10.100.9.1",
                            "virtual_router_mac": "00:00:17:8B:5F:FA"
                        },
                        "meta": {
                            "e2bfb730-ecaa-11e6-8f88-34363bc7c4c0": {
                                "create": 300000000000,
                                "delete": 300000000000,
                                "update": 300000000000
                            }
                        },
                        "tainted": false
                    },
                    "deposed": [],
                    "provider": "provider.oci"
                },
                "oci_core_subnet.WEBSubNet_AD1": {
                    "type": "oci_core_subnet",
                    "depends_on": [
                        "data.oci_identity_availability_domains.ADs",
                        "oci_core_dhcp_options.DHCPoptions",
                        "oci_core_route_table.RouteTable_GlusterDemo",
                        "oci_core_security_list.SecL_WEBSubNets",
                        "oci_core_virtual_network.VCN_GlusterDemo"
                    ],
                    "primary": {
                        "id": "ocid1.subnet.oc1.phx.aaaaaaaauh7wjviq5hjufysbkmryvqhhhinps7tqci7abhjc2warzcwhdlhq",
                        "attributes": {
                            "availability_domain": "GxAT:PHX-AD-1",
                            "cidr_block": "10.100.4.0/24",
                            "compartment_id": "ocid1.compartment.oc1..aaaaaaaacxrgjddbgadkkuz2zvj3drzt7ancafrbwtnfkruadtpusa7gej7q",
                            "dhcp_options_id": "ocid1.dhcpoptions.oc1.phx.aaaaaaaa2qhndvdaz5taq6bjvegptjnftwi3odv6lziearoy27wpezab6hua",
                            "display_name": "WEBSubNet_AD1",
                            "dns_label": "websubnet1",
                            "id": "ocid1.subnet.oc1.phx.aaaaaaaauh7wjviq5hjufysbkmryvqhhhinps7tqci7abhjc2warzcwhdlhq",
                            "prohibit_public_ip_on_vnic": "false",
                            "route_table_id": "ocid1.routetable.oc1.phx.aaaaaaaaxap2jcoukrwlrearqljfuv2xsxz25xkgylfvhhbwpowxemxed2hq",
                            "security_list_ids.#": "1",
                            "security_list_ids.101751126": "ocid1.securitylist.oc1.phx.aaaaaaaaoojlwjzkgt2qc6wruvx22eaoq6mykox74pcrirgukapeofdbvcqq",
                            "state": "AVAILABLE",
                            "time_created": "2018-01-15 08:44:41.76 +0000 UTC",
                            "vcn_id": "ocid1.vcn.oc1.phx.aaaaaaaajmchrzfffiwtdhwmsfef3yqx7zsj4rhlscxow2koz5xfqk7fd4za",
                            "virtual_router_ip": "10.100.4.1",
                            "virtual_router_mac": "00:00:17:8B:5F:FA"
                        },
                        "meta": {
                            "e2bfb730-ecaa-11e6-8f88-34363bc7c4c0": {
                                "create": 300000000000,
                                "delete": 300000000000,
                                "update": 300000000000
                            }
                        },
                        "tainted": false
                    },
                    "deposed": [],
                    "provider": "provider.oci"
                },
                "oci_core_subnet.WEBSubNet_AD2": {
                    "type": "oci_core_subnet",
                    "depends_on": [
                        "data.oci_identity_availability_domains.ADs",
                        "oci_core_dhcp_options.DHCPoptions",
                        "oci_core_route_table.RouteTable_GlusterDemo",
                        "oci_core_security_list.SecL_WEBSubNets",
                        "oci_core_virtual_network.VCN_GlusterDemo"
                    ],
                    "primary": {
                        "id": "ocid1.subnet.oc1.phx.aaaaaaaajnaw25ctshhmob7jt7gwje4vgaexgbqgu6dezd6qtbhdlanamopa",
                        "attributes": {
                            "availability_domain": "GxAT:PHX-AD-2",
                            "cidr_block": "10.100.5.0/24",
                            "compartment_id": "ocid1.compartment.oc1..aaaaaaaacxrgjddbgadkkuz2zvj3drzt7ancafrbwtnfkruadtpusa7gej7q",
                            "dhcp_options_id": "ocid1.dhcpoptions.oc1.phx.aaaaaaaa2qhndvdaz5taq6bjvegptjnftwi3odv6lziearoy27wpezab6hua",
                            "display_name": "WEBSubNet_AD2",
                            "dns_label": "websubnet2",
                            "id": "ocid1.subnet.oc1.phx.aaaaaaaajnaw25ctshhmob7jt7gwje4vgaexgbqgu6dezd6qtbhdlanamopa",
                            "prohibit_public_ip_on_vnic": "false",
                            "route_table_id": "ocid1.routetable.oc1.phx.aaaaaaaaxap2jcoukrwlrearqljfuv2xsxz25xkgylfvhhbwpowxemxed2hq",
                            "security_list_ids.#": "1",
                            "security_list_ids.101751126": "ocid1.securitylist.oc1.phx.aaaaaaaaoojlwjzkgt2qc6wruvx22eaoq6mykox74pcrirgukapeofdbvcqq",
                            "state": "AVAILABLE",
                            "time_created": "2018-01-15 08:44:40.726 +0000 UTC",
                            "vcn_id": "ocid1.vcn.oc1.phx.aaaaaaaajmchrzfffiwtdhwmsfef3yqx7zsj4rhlscxow2koz5xfqk7fd4za",
                            "virtual_router_ip": "10.100.5.1",
                            "virtual_router_mac": "00:00:17:8B:5F:FA"
                        },
                        "meta": {
                            "e2bfb730-ecaa-11e6-8f88-34363bc7c4c0": {
                                "create": 300000000000,
                                "delete": 300000000000,
                                "update": 300000000000
                            }
                        },
                        "tainted": false
                    },
                    "deposed": [],
                    "provider": "provider.oci"
                },
                "oci_core_subnet.WEBSubNet_AD3": {
                    "type": "oci_core_subnet",
                    "depends_on": [
                        "data.oci_identity_availability_domains.ADs",
                        "oci_core_dhcp_options.DHCPoptions",
                        "oci_core_route_table.RouteTable_GlusterDemo",
                        "oci_core_security_list.SecL_WEBSubNets",
                        "oci_core_virtual_network.VCN_GlusterDemo"
                    ],
                    "primary": {
                        "id": "ocid1.subnet.oc1.phx.aaaaaaaawrs53dnjvexnqpuewuiknp7anyv2qgok6hdqwojmhenuuo3tj2xa",
                        "attributes": {
                            "availability_domain": "GxAT:PHX-AD-3",
                            "cidr_block": "10.100.6.0/24",
                            "compartment_id": "ocid1.compartment.oc1..aaaaaaaacxrgjddbgadkkuz2zvj3drzt7ancafrbwtnfkruadtpusa7gej7q",
                            "dhcp_options_id": "ocid1.dhcpoptions.oc1.phx.aaaaaaaa2qhndvdaz5taq6bjvegptjnftwi3odv6lziearoy27wpezab6hua",
                            "display_name": "WEBSubNet_AD3",
                            "dns_label": "websubnet3",
                            "id": "ocid1.subnet.oc1.phx.aaaaaaaawrs53dnjvexnqpuewuiknp7anyv2qgok6hdqwojmhenuuo3tj2xa",
                            "prohibit_public_ip_on_vnic": "false",
                            "route_table_id": "ocid1.routetable.oc1.phx.aaaaaaaaxap2jcoukrwlrearqljfuv2xsxz25xkgylfvhhbwpowxemxed2hq",
                            "security_list_ids.#": "1",
                            "security_list_ids.101751126": "ocid1.securitylist.oc1.phx.aaaaaaaaoojlwjzkgt2qc6wruvx22eaoq6mykox74pcrirgukapeofdbvcqq",
                            "state": "AVAILABLE",
                            "time_created": "2018-01-15 08:44:42.066 +0000 UTC",
                            "vcn_id": "ocid1.vcn.oc1.phx.aaaaaaaajmchrzfffiwtdhwmsfef3yqx7zsj4rhlscxow2koz5xfqk7fd4za",
                            "virtual_router_ip": "10.100.6.1",
                            "virtual_router_mac": "00:00:17:8B:5F:FA"
                        },
                        "meta": {
                            "e2bfb730-ecaa-11e6-8f88-34363bc7c4c0": {
                                "create": 300000000000,
                                "delete": 300000000000,
                                "update": 300000000000
                            }
                        },
                        "tainted": false
                    },
                    "deposed": [],
                    "provider": "provider.oci"
                },
                "oci_core_virtual_network.VCN_GlusterDemo": {
                    "type": "oci_core_virtual_network",
                    "depends_on": [],
                    "primary": {
                        "id": "ocid1.vcn.oc1.phx.aaaaaaaajmchrzfffiwtdhwmsfef3yqx7zsj4rhlscxow2koz5xfqk7fd4za",
                        "attributes": {
                            "cidr_block": "10.100.0.0/16",
                            "compartment_id": "ocid1.compartment.oc1..aaaaaaaacxrgjddbgadkkuz2zvj3drzt7ancafrbwtnfkruadtpusa7gej7q",
                            "default_dhcp_options_id": "ocid1.dhcpoptions.oc1.phx.aaaaaaaaubgew45ehfcsb3vzabefor7fbr2pcsve2yeo4tjg4dqbbwlgduva",
                            "default_route_table_id": "ocid1.routetable.oc1.phx.aaaaaaaao4iyjcbm7452notfz4oonfivyh43ochifx5zlbxzfihopxsixr4q",
                            "default_security_list_id": "ocid1.securitylist.oc1.phx.aaaaaaaawqcnqnecydq65dj6jouda4dgl42xqtoukzfb7jwtsawmkrnvbgnq",
                            "display_name": "VCN_GlusterDemo",
                            "dns_label": "glusterdemo",
                            "id": "ocid1.vcn.oc1.phx.aaaaaaaajmchrzfffiwtdhwmsfef3yqx7zsj4rhlscxow2koz5xfqk7fd4za",
                            "state": "AVAILABLE",
                            "time_created": "2018-01-15 08:44:22.253 +0000 UTC"
                        },
                        "meta": {
                            "e2bfb730-ecaa-11e6-8f88-34363bc7c4c0": {
                                "create": 300000000000,
                                "delete": 300000000000,
                                "update": 300000000000
                            }
                        },
                        "tainted": false
                    },
                    "deposed": [],
                    "provider": "provider.oci"
                },
                "oci_core_volume.StorSrv01Block01": {
                    "type": "oci_core_volume",
                    "depends_on": [
                        "data.oci_identity_availability_domains.ADs"
                    ],
                    "primary": {
                        "id": "ocid1.volume.oc1.phx.abyhqljrs4cjdapfq5zw2upqpuvsafhvfvrj4mkymvcgf6a7xmjtvogbzdbq",
                        "attributes": {
                            "availability_domain": "GxAT:PHX-AD-3",
                            "compartment_id": "ocid1.compartment.oc1..aaaaaaaacxrgjddbgadkkuz2zvj3drzt7ancafrbwtnfkruadtpusa7gej7q",
                            "display_name": "StorSrv01Block01",
                            "id": "ocid1.volume.oc1.phx.abyhqljrs4cjdapfq5zw2upqpuvsafhvfvrj4mkymvcgf6a7xmjtvogbzdbq",
                            "size_in_gbs": "50",
                            "size_in_mbs": "51200",
                            "state": "AVAILABLE",
                            "time_created": "2018-01-15 08:44:22.303 +0000 UTC"
                        },
                        "meta": {
                            "e2bfb730-ecaa-11e6-8f88-34363bc7c4c0": {
                                "create": 300000000000,
                                "delete": 300000000000,
                                "update": 300000000000
                            }
                        },
                        "tainted": false
                    },
                    "deposed": [],
                    "provider": "provider.oci"
                },
                "oci_core_volume.StorSrv02Block01": {
                    "type": "oci_core_volume",
                    "depends_on": [
                        "data.oci_identity_availability_domains.ADs"
                    ],
                    "primary": {
                        "id": "ocid1.volume.oc1.phx.abyhqljrpdaufd3zlpxbhgncb7je7qtp456ngws42sipumx6brrjei7eqcsa",
                        "attributes": {
                            "availability_domain": "GxAT:PHX-AD-3",
                            "compartment_id": "ocid1.compartment.oc1..aaaaaaaacxrgjddbgadkkuz2zvj3drzt7ancafrbwtnfkruadtpusa7gej7q",
                            "display_name": "StorSrv02Block01",
                            "id": "ocid1.volume.oc1.phx.abyhqljrpdaufd3zlpxbhgncb7je7qtp456ngws42sipumx6brrjei7eqcsa",
                            "size_in_gbs": "50",
                            "size_in_mbs": "51200",
                            "state": "AVAILABLE",
                            "time_created": "2018-01-15 08:44:22.564 +0000 UTC"
                        },
                        "meta": {
                            "e2bfb730-ecaa-11e6-8f88-34363bc7c4c0": {
                                "create": 300000000000,
                                "delete": 300000000000,
                                "update": 300000000000
                            }
                        },
                        "tainted": false
                    },
                    "deposed": [],
                    "provider": "provider.oci"
                },
                "oci_core_volume.StorSrv03Block01": {
                    "type": "oci_core_volume",
                    "depends_on": [
                        "data.oci_identity_availability_domains.ADs"
                    ],
                    "primary": {
                        "id": "ocid1.volume.oc1.phx.abyhqljrsroyajd4u5mrypuej66q2g7llgvtdyl433anxfq2wm22jfpgvhdq",
                        "attributes": {
                            "availability_domain": "GxAT:PHX-AD-3",
                            "compartment_id": "ocid1.compartment.oc1..aaaaaaaacxrgjddbgadkkuz2zvj3drzt7ancafrbwtnfkruadtpusa7gej7q",
                            "display_name": "StorSrv03Block01",
                            "id": "ocid1.volume.oc1.phx.abyhqljrsroyajd4u5mrypuej66q2g7llgvtdyl433anxfq2wm22jfpgvhdq",
                            "size_in_gbs": "50",
                            "size_in_mbs": "51200",
                            "state": "AVAILABLE",
                            "time_created": "2018-01-15 08:44:22.206 +0000 UTC"
                        },
                        "meta": {
                            "e2bfb730-ecaa-11e6-8f88-34363bc7c4c0": {
                                "create": 300000000000,
                                "delete": 300000000000,
                                "update": 300000000000
                            }
                        },
                        "tainted": false
                    },
                    "deposed": [],
                    "provider": "provider.oci"
                },
                "oci_core_volume_attachment.StorSrv01Block01Attach": {
                    "type": "oci_core_volume_attachment",
                    "depends_on": [
                        "oci_core_instance.storsrv1",
                        "oci_core_volume.StorSrv01Block01"
                    ],
                    "primary": {
                        "id": "ocid1.volumeattachment.oc1.phx.abyhqljrbq44ymoandxb3ayjlvbj2q7bvitwd55zw5lhetqs5qxij5dwf6zq",
                        "attributes": {
                            "attachment_type": "iscsi",
                            "availability_domain": "GxAT:PHX-AD-3",
                            "chap_secret": "",
                            "chap_username": "",
                            "compartment_id": "ocid1.compartment.oc1..aaaaaaaacxrgjddbgadkkuz2zvj3drzt7ancafrbwtnfkruadtpusa7gej7q",
                            "display_name": "volumeattachment20180115084547",
                            "id": "ocid1.volumeattachment.oc1.phx.abyhqljrbq44ymoandxb3ayjlvbj2q7bvitwd55zw5lhetqs5qxij5dwf6zq",
                            "instance_id": "ocid1.instance.oc1.phx.abyhqljrxtb76azwgmpollo52xlcgwvkvfkhrx4togqt5emuaa3frtkbhj4q",
                            "ipv4": "169.254.2.2",
                            "iqn": "iqn.2015-12.com.oracleiaas:52f6f0fa-58a4-41dc-b1e1-417ca83361e5",
                            "port": "3260",
                            "state": "ATTACHED",
                            "time_created": "2018-01-15 08:45:48.034 +0000 UTC",
                            "volume_id": "ocid1.volume.oc1.phx.abyhqljrs4cjdapfq5zw2upqpuvsafhvfvrj4mkymvcgf6a7xmjtvogbzdbq"
                        },
                        "meta": {
                            "e2bfb730-ecaa-11e6-8f88-34363bc7c4c0": {
                                "create": 300000000000,
                                "delete": 300000000000,
                                "update": 300000000000
                            }
                        },
                        "tainted": false
                    },
                    "deposed": [],
                    "provider": "provider.oci"
                },
                "oci_core_volume_attachment.StorSrv02Block01Attach": {
                    "type": "oci_core_volume_attachment",
                    "depends_on": [
                        "oci_core_instance.storsrv2",
                        "oci_core_volume.StorSrv02Block01"
                    ],
                    "primary": {
                        "id": "ocid1.volumeattachment.oc1.phx.abyhqljrztskqqspwldzxog5k6bdxc6qvfcixtpaxbya7ux6q6tdsrdvplsa",
                        "attributes": {
                            "attachment_type": "iscsi",
                            "availability_domain": "GxAT:PHX-AD-3",
                            "chap_secret": "",
                            "chap_username": "",
                            "compartment_id": "ocid1.compartment.oc1..aaaaaaaacxrgjddbgadkkuz2zvj3drzt7ancafrbwtnfkruadtpusa7gej7q",
                            "display_name": "volumeattachment20180115084546",
                            "id": "ocid1.volumeattachment.oc1.phx.abyhqljrztskqqspwldzxog5k6bdxc6qvfcixtpaxbya7ux6q6tdsrdvplsa",
                            "instance_id": "ocid1.instance.oc1.phx.abyhqljryy3s4zxmeioegllvj7bydsudwmwvey7pylhpbsbvgrhfkw47gygq",
                            "ipv4": "169.254.2.2",
                            "iqn": "iqn.2015-12.com.oracleiaas:e8e2da0b-37e6-449d-9523-cea97ebd0cbd",
                            "port": "3260",
                            "state": "ATTACHED",
                            "time_created": "2018-01-15 08:45:46.951 +0000 UTC",
                            "volume_id": "ocid1.volume.oc1.phx.abyhqljrpdaufd3zlpxbhgncb7je7qtp456ngws42sipumx6brrjei7eqcsa"
                        },
                        "meta": {
                            "e2bfb730-ecaa-11e6-8f88-34363bc7c4c0": {
                                "create": 300000000000,
                                "delete": 300000000000,
                                "update": 300000000000
                            }
                        },
                        "tainted": false
                    },
                    "deposed": [],
                    "provider": "provider.oci"
                },
                "oci_core_volume_attachment.StorSrv03Block01Attach": {
                    "type": "oci_core_volume_attachment",
                    "depends_on": [
                        "oci_core_instance.storsrv3",
                        "oci_core_volume.StorSrv03Block01"
                    ],
                    "primary": {
                        "id": "ocid1.volumeattachment.oc1.phx.abyhqljrhwlmtgbdqagks36k2irh3ygfr3g4knpybnh4xej4pe6la3ohntia",
                        "attributes": {
                            "attachment_type": "iscsi",
                            "availability_domain": "GxAT:PHX-AD-3",
                            "chap_secret": "",
                            "chap_username": "",
                            "compartment_id": "ocid1.compartment.oc1..aaaaaaaacxrgjddbgadkkuz2zvj3drzt7ancafrbwtnfkruadtpusa7gej7q",
                            "display_name": "volumeattachment20180115084546",
                            "id": "ocid1.volumeattachment.oc1.phx.abyhqljrhwlmtgbdqagks36k2irh3ygfr3g4knpybnh4xej4pe6la3ohntia",
                            "instance_id": "ocid1.instance.oc1.phx.abyhqljr3oqk2sfjlicbh334pdrfikd75qvafcq7le34qap4foqlbx33saqa",
                            "ipv4": "169.254.2.2",
                            "iqn": "iqn.2015-12.com.oracleiaas:132bbdb0-7686-4868-9405-949352aef04f",
                            "port": "3260",
                            "state": "ATTACHED",
                            "time_created": "2018-01-15 08:45:46.45 +0000 UTC",
                            "volume_id": "ocid1.volume.oc1.phx.abyhqljrsroyajd4u5mrypuej66q2g7llgvtdyl433anxfq2wm22jfpgvhdq"
                        },
                        "meta": {
                            "e2bfb730-ecaa-11e6-8f88-34363bc7c4c0": {
                                "create": 300000000000,
                                "delete": 300000000000,
                                "update": 300000000000
                            }
                        },
                        "tainted": false
                    },
                    "deposed": [],
                    "provider": "provider.oci"
                }
            },
            "depends_on": []
        }
    ]
}
